{
  "name": "chrome-extension-salesforce-appx-listing-info",
  "version": "1.0.0",
  "lockfileVersion": 1,
  "requires": true,
  "dependencies": {
    "chrome-types": {
      "version": "0.1.191",
      "resolved": "https://registry.npmjs.org/chrome-types/-/chrome-types-0.1.191.tgz",
      "integrity": "sha512-w9SHD0i/1vET5jr8bPjaTiy4bIy3IL/wibHtMbHlFxBFrxlkwqYffwHMvZtdzBlkpdMyfxyHTHmJn2haU1HxFA==",
      "dev": true
    }
  }
}
